
Microsoft Visual Studio Solution File, Format Version 12.00
# Visual Studio Version 17
VisualStudioVersion = 17.2.32630.192
MinimumVisualStudioVersion = 10.0.40219.1
Project("{9A19103F-16F7-4668-BE54-9A1E7A4F7556}") = "Peter", "Peter\Peter.csproj", "{5C664B71-931C-4476-813D-325AF529C400}"
EndProject
Global
	GlobalSection(SolutionConfigurationPlatforms) = preSolution
		Debug|Any CPU = Debug|Any CPU
		Debug|x64 = Debug|x64
		Release|Any CPU = Release|Any CPU
		Release|x64 = Release|x64
	EndGlobalSection
	GlobalSection(ProjectConfigurationPlatforms) = postSolution
		{5C664B71-931C-4476-813D-325AF529C400}.Debug|Any CPU.ActiveCfg = Debug|Any CPU
		{5C664B71-931C-4476-813D-325AF529C400}.Debug|Any CPU.Build.0 = Debug|Any CPU
		{5C664B71-931C-4476-813D-325AF529C400}.Debug|x64.ActiveCfg = Debug|x64
		{5C664B71-931C-4476-813D-325AF529C400}.Debug|x64.Build.0 = Debug|x64
		{5C664B71-931C-4476-813D-325AF529C400}.Release|Any CPU.ActiveCfg = Release|Any CPU
		{5C664B71-931C-4476-813D-325AF529C400}.Release|Any CPU.Build.0 = Release|Any CPU
		{5C664B71-931C-4476-813D-325AF529C400}.Release|x64.ActiveCfg = Release|x64
		{5C664B71-931C-4476-813D-325AF529C400}.Release|x64.Build.0 = Release|x64
	EndGlobalSection
	GlobalSection(SolutionProperties) = preSolution
		HideSolutionNode = FALSE
	EndGlobalSection
	GlobalSection(ExtensibilityGlobals) = postSolution
		SolutionGuid = {D901EB80-84F1-446A-8E91-A8546EA4BABE}
	EndGlobalSection
EndGlobal
